{
  "name": "vivrecon",
  "lockfileVersion": 3,
  "requires": true,
  "packages": {
    "": {
      "dependencies": {
        "dto": "^0.0.1",
        "security": "^1.0.0"
      }
    },
    "node_modules/dto": {
      "version": "0.0.1",
      "resolved": "https://registry.npmjs.org/dto/-/dto-0.0.1.tgz",
      "integrity": "sha512-BbTk/XewYx1ITQALOVUBFy39AXPNcKaFGi7XW9+kUQHUE8fE5KCjjkL3RQdsOKZlVssC/KlC9r2ZzxFSdDmQ2A==",
      "license": "MIT",
      "dependencies": {
        "hoek": "^2.14.0",
        "json-ptr": "^0.2.0",
        "lazy.js": "^0.4.0"
      }
    },
    "node_modules/hoek": {
      "version": "2.16.3",
      "resolved": "https://registry.npmjs.org/hoek/-/hoek-2.16.3.tgz",
      "integrity": "sha512-V6Yw1rIcYV/4JsnggjBU0l4Kr+EXhpwqXRusENU1Xx6ro00IHPHYNynCuBTOZAPlr3AAmLvchH9I7N/VUdvOwQ==",
      "deprecated": "This version has been deprecated in accordance with the hapi support policy (hapi.im/support). Please upgrade to the latest version to get the best features, bug fixes, and security patches. If you are unable to upgrade at this time, paid support is available for older versions (hapi.im/commercial).",
      "license": "BSD-3-Clause",
      "engines": {
        "node": ">=0.10.40"
      }
    },
    "node_modules/json-ptr": {
      "version": "0.2.0",
      "resolved": "https://registry.npmjs.org/json-ptr/-/json-ptr-0.2.0.tgz",
      "integrity": "sha512-X5LVUtuf8NJz3uo0cMCv27EMLnmDmhY7lQ6Kt1zA7ISW4PKfQuRCi6bIPPZUcn/0PR4+20xcT7l2F/9VIrIRxg==",
      "deprecated": "Package no longer supported. Contact Support at https://www.npmjs.com/support for more info.",
      "license": "MIT"
    },
    "node_modules/lazy.js": {
      "version": "0.4.3",
      "resolved": "https://registry.npmjs.org/lazy.js/-/lazy.js-0.4.3.tgz",
      "integrity": "sha512-kHcnVaCZzhv6P+YgC4iRZFw62+biYIcBYU8qqKzJysC7cdKwPgb3WRtcBPyINTSLZwsjyFdBtd97sHbkseTZKw==",
      "license": "MIT"
    },
    "node_modules/security": {
      "version": "1.0.0",
      "resolved": "https://registry.npmjs.org/security/-/security-1.0.0.tgz",
      "integrity": "sha512-5qfoAgfRWS1sUn+fUJtdbbqM1BD/LoQGa+smPTDjf9OqHyuJqi6ewtbYL0+V1S1RaU6OCOCMWGZocIfz2YK4uw==",
      "engines": {
        "node": "*"
      }
    }
  }
}
